github.com/cpuguy83/go-md2man/v2 v2.0.3/go.mod h1:tgQtvFlXSQOSOSIRvRPT7W67SCa46tRHOmNcaadrF8o=
github.com/hashicorp/yamux v0.1.1 h1:yrQxtgseBDrq9Y652vSRDvsKCJKOUD+GzTS4Y0Y8pvE=
github.com/hashicorp/yamux v0.1.1/go.mod h1:CtWFDAQgb7dxtzFs4tWbplKIe2jSi3+5vKbgIO0SLnQ=
github.com/inconshreveable/mousetrap v1.1.0 h1:wN+x4NVGpMsO7ErUn/mUI3vEoE6Jt13X2s0bqwp9tc8=
github.com/inconshreveable/mousetrap v1.1.0/go.mod h1:vpF70FUmC8bwa3OWnCshd2FqLfsEA9PFc4w1p2J65bw=
github.com/russross/blackfriday/v2 v2.1.0/go.mod h1:+Rmxgy9KzJVeS9/2gXHxylqXiyQDYRxCVz55jmeOWTM=
github.com/shaopson/grlog v0.0.0-20231209115613-55c211589c8d h1:Sl1xeayvisBjZUiZK+PFoSWUxAG59tNdvkkG+r2mzZw=
github.com/shaopson/grlog v0.0.0-20231209115613-55c211589c8d/go.mod h1:Ob0awoQB2AzrcdpuJ2I5PDxUHrrPmKcL+gjV6R80Zuk=
github.com/shaopson/grlog v0.0.0-20231211105428-bd9f87993319 h1:TOmIuPYVFSe5KM4n3GQlk2shQOxGqzRUg0P0aXFsMx8=
github.com/shaopson/grlog v0.0.0-20231211105428-bd9f87993319/go.mod h1:Ob0awoQB2AzrcdpuJ2I5PDxUHrrPmKcL+gjV6R80Zuk=
github.com/shaopson/grlog v0.1.0 h1:PgA33uozPl6W2q+VjUrOdvfEEt7muv57dpBGMBeXjEc=
github.com/shaopson/grlog v0.1.0/go.mod h1:Ob0awoQB2AzrcdpuJ2I5PDxUHrrPmKcL+gjV6R80Zuk=
github.com/shaopson/grlog v0.1.1 h1:xS9GbiLAQKhGYoWy0gVU/OHLjlJjM5IE12x49Soc1/g=
github.com/shaopson/grlog v0.1.1/go.mod h1:Ob0awoQB2AzrcdpuJ2I5PDxUHrrPmKcL+gjV6R80Zuk=
github.com/shaopson/grlog v0.1.2 h1:/PiO7574U+flEnkUUq0QURCzEb+JEV/8R/P41NpOch8=
github.com/shaopson/grlog v0.1.2/go.mod h1:Ob0awoQB2AzrcdpuJ2I5PDxUHrrPmKcL+gjV6R80Zuk=
github.com/spf13/cobra v1.8.0 h1:7aJaZx1B85qltLMc546zn58BxxfZdR/W22ej9CFoEf0=
github.com/spf13/cobra v1.8.0/go.mod h1:WXLWApfZ71AjXPya3WOlMsY9yMs7YeiHhFVlvLyhcho=
github.com/spf13/pflag v1.0.5 h1:iy+VFUOCP1a+8yFto/drg2CJ5u0yRoB7fZw3DKv/JXA=
github.com/spf13/pflag v1.0.5/go.mod h1:McXfInJRrz4CZXVZOBLb0bTZqETkiAhM9Iw0y3An2Bg=
gopkg.in/check.v1 v0.0.0-20161208181325-20d25e280405/go.mod h1:Co6ibVJAznAaIkqp8huTwlJQCZ016jof/cbN4VW5Yz0=
gopkg.in/ini.v1 v1.67.0 h1:Dgnx+6+nfE+IfzjUEISNeydPJh9AXNNsWbGP9KzCsOA=
gopkg.in/ini.v1 v1.67.0/go.mod h1:pNLf8WUiyNEtQjuu5G5vTm06TEv9tsIgeAvK8hOrP4k=
gopkg.in/yaml.v3 v3.0.1/go.mod h1:K4uyk7z7BCEPqu6E+C64Yfv1cQ7kz7rIZviUmN+EgEM=
